
Microsoft Visual Studio Solution File, Format Version 12.00
# Visual Studio Version 17
VisualStudioVersion = 17.0.31903.59
MinimumVisualStudioVersion = 10.0.40219.1
Project("{2150E333-8FDC-42A3-9474-1A3956D46DE8}") = "src", "src", "{827E0CD3-B72D-47B6-A68D-7590B98EB39B}"
EndProject
Project("{FAE04EC0-301F-11D3-BF4B-00C04F79EFBC}") = "Bpme.Domain", "src\Bpme.Domain\Bpme.Domain.csproj", "{5EED931A-84B0-4CE1-8554-F7B679167721}"
EndProject
Project("{FAE04EC0-301F-11D3-BF4B-00C04F79EFBC}") = "Bpme.Application", "src\Bpme.Application\Bpme.Application.csproj", "{598100A8-DA84-4594-B407-1B93548FD9B5}"
EndProject
Project("{FAE04EC0-301F-11D3-BF4B-00C04F79EFBC}") = "Bpme.Infrastructure", "src\Bpme.Infrastructure\Bpme.Infrastructure.csproj", "{8B24456E-A214-489C-B220-1E77F64021BE}"
EndProject
Project("{FAE04EC0-301F-11D3-BF4B-00C04F79EFBC}") = "Consumer", "src\Consumer\Consumer.csproj", "{E8CD6015-47FD-4190-94F2-62C67FBB9734}"
EndProject
Project("{FAE04EC0-301F-11D3-BF4B-00C04F79EFBC}") = "Bpme.AdminApi", "src\Bpme.AdminApi\Bpme.AdminApi.csproj", "{7FEF85F1-A5F3-46B2-810D-C27DC5A00E77}"
EndProject
Project("{FAE04EC0-301F-11D3-BF4B-00C04F79EFBC}") = "Logging", "src\Logging\Logging.csproj", "{C9418FD7-8B40-45F7-9FD4-3790D0A2A7A7}"
EndProject
Global
	GlobalSection(SolutionConfigurationPlatforms) = preSolution
		Debug|Any CPU = Debug|Any CPU
		Debug|x64 = Debug|x64
		Debug|x86 = Debug|x86
		Release|Any CPU = Release|Any CPU
		Release|x64 = Release|x64
		Release|x86 = Release|x86
	EndGlobalSection
	GlobalSection(ProjectConfigurationPlatforms) = postSolution
		{5EED931A-84B0-4CE1-8554-F7B679167721}.Debug|Any CPU.ActiveCfg = Debug|Any CPU
		{5EED931A-84B0-4CE1-8554-F7B679167721}.Debug|Any CPU.Build.0 = Debug|Any CPU
		{5EED931A-84B0-4CE1-8554-F7B679167721}.Debug|x64.ActiveCfg = Debug|Any CPU
		{5EED931A-84B0-4CE1-8554-F7B679167721}.Debug|x64.Build.0 = Debug|Any CPU
		{5EED931A-84B0-4CE1-8554-F7B679167721}.Debug|x86.ActiveCfg = Debug|Any CPU
		{5EED931A-84B0-4CE1-8554-F7B679167721}.Debug|x86.Build.0 = Debug|Any CPU
		{5EED931A-84B0-4CE1-8554-F7B679167721}.Release|Any CPU.ActiveCfg = Release|Any CPU
		{5EED931A-84B0-4CE1-8554-F7B679167721}.Release|Any CPU.Build.0 = Release|Any CPU
		{5EED931A-84B0-4CE1-8554-F7B679167721}.Release|x64.ActiveCfg = Release|Any CPU
		{5EED931A-84B0-4CE1-8554-F7B679167721}.Release|x64.Build.0 = Release|Any CPU
		{5EED931A-84B0-4CE1-8554-F7B679167721}.Release|x86.ActiveCfg = Release|Any CPU
		{5EED931A-84B0-4CE1-8554-F7B679167721}.Release|x86.Build.0 = Release|Any CPU
		{598100A8-DA84-4594-B407-1B93548FD9B5}.Debug|Any CPU.ActiveCfg = Debug|Any CPU
		{598100A8-DA84-4594-B407-1B93548FD9B5}.Debug|Any CPU.Build.0 = Debug|Any CPU
		{598100A8-DA84-4594-B407-1B93548FD9B5}.Debug|x64.ActiveCfg = Debug|Any CPU
		{598100A8-DA84-4594-B407-1B93548FD9B5}.Debug|x64.Build.0 = Debug|Any CPU
		{598100A8-DA84-4594-B407-1B93548FD9B5}.Debug|x86.ActiveCfg = Debug|Any CPU
		{598100A8-DA84-4594-B407-1B93548FD9B5}.Debug|x86.Build.0 = Debug|Any CPU
		{598100A8-DA84-4594-B407-1B93548FD9B5}.Release|Any CPU.ActiveCfg = Release|Any CPU
		{598100A8-DA84-4594-B407-1B93548FD9B5}.Release|Any CPU.Build.0 = Release|Any CPU
		{598100A8-DA84-4594-B407-1B93548FD9B5}.Release|x64.ActiveCfg = Release|Any CPU
		{598100A8-DA84-4594-B407-1B93548FD9B5}.Release|x64.Build.0 = Release|Any CPU
		{598100A8-DA84-4594-B407-1B93548FD9B5}.Release|x86.ActiveCfg = Release|Any CPU
		{598100A8-DA84-4594-B407-1B93548FD9B5}.Release|x86.Build.0 = Release|Any CPU
		{8B24456E-A214-489C-B220-1E77F64021BE}.Debug|Any CPU.ActiveCfg = Debug|Any CPU
		{8B24456E-A214-489C-B220-1E77F64021BE}.Debug|Any CPU.Build.0 = Debug|Any CPU
		{8B24456E-A214-489C-B220-1E77F64021BE}.Debug|x64.ActiveCfg = Debug|Any CPU
		{8B24456E-A214-489C-B220-1E77F64021BE}.Debug|x64.Build.0 = Debug|Any CPU
		{8B24456E-A214-489C-B220-1E77F64021BE}.Debug|x86.ActiveCfg = Debug|Any CPU
		{8B24456E-A214-489C-B220-1E77F64021BE}.Debug|x86.Build.0 = Debug|Any CPU
		{8B24456E-A214-489C-B220-1E77F64021BE}.Release|Any CPU.ActiveCfg = Release|Any CPU
		{8B24456E-A214-489C-B220-1E77F64021BE}.Release|Any CPU.Build.0 = Release|Any CPU
		{8B24456E-A214-489C-B220-1E77F64021BE}.Release|x64.ActiveCfg = Release|Any CPU
		{8B24456E-A214-489C-B220-1E77F64021BE}.Release|x64.Build.0 = Release|Any CPU
		{8B24456E-A214-489C-B220-1E77F64021BE}.Release|x86.ActiveCfg = Release|Any CPU
		{8B24456E-A214-489C-B220-1E77F64021BE}.Release|x86.Build.0 = Release|Any CPU
		{E8CD6015-47FD-4190-94F2-62C67FBB9734}.Debug|Any CPU.ActiveCfg = Debug|Any CPU
		{E8CD6015-47FD-4190-94F2-62C67FBB9734}.Debug|Any CPU.Build.0 = Debug|Any CPU
		{E8CD6015-47FD-4190-94F2-62C67FBB9734}.Debug|x64.ActiveCfg = Debug|Any CPU
		{E8CD6015-47FD-4190-94F2-62C67FBB9734}.Debug|x64.Build.0 = Debug|Any CPU
		{E8CD6015-47FD-4190-94F2-62C67FBB9734}.Debug|x86.ActiveCfg = Debug|Any CPU
		{E8CD6015-47FD-4190-94F2-62C67FBB9734}.Debug|x86.Build.0 = Debug|Any CPU
		{E8CD6015-47FD-4190-94F2-62C67FBB9734}.Release|Any CPU.ActiveCfg = Release|Any CPU
		{E8CD6015-47FD-4190-94F2-62C67FBB9734}.Release|Any CPU.Build.0 = Release|Any CPU
		{E8CD6015-47FD-4190-94F2-62C67FBB9734}.Release|x64.ActiveCfg = Release|Any CPU
		{E8CD6015-47FD-4190-94F2-62C67FBB9734}.Release|x64.Build.0 = Release|Any CPU
		{E8CD6015-47FD-4190-94F2-62C67FBB9734}.Release|x86.ActiveCfg = Release|Any CPU
		{E8CD6015-47FD-4190-94F2-62C67FBB9734}.Release|x86.Build.0 = Release|Any CPU
		{7FEF85F1-A5F3-46B2-810D-C27DC5A00E77}.Debug|Any CPU.ActiveCfg = Debug|Any CPU
		{7FEF85F1-A5F3-46B2-810D-C27DC5A00E77}.Debug|Any CPU.Build.0 = Debug|Any CPU
		{7FEF85F1-A5F3-46B2-810D-C27DC5A00E77}.Debug|x64.ActiveCfg = Debug|Any CPU
		{7FEF85F1-A5F3-46B2-810D-C27DC5A00E77}.Debug|x64.Build.0 = Debug|Any CPU
		{7FEF85F1-A5F3-46B2-810D-C27DC5A00E77}.Debug|x86.ActiveCfg = Debug|Any CPU
		{7FEF85F1-A5F3-46B2-810D-C27DC5A00E77}.Debug|x86.Build.0 = Debug|Any CPU
		{7FEF85F1-A5F3-46B2-810D-C27DC5A00E77}.Release|Any CPU.ActiveCfg = Release|Any CPU
		{7FEF85F1-A5F3-46B2-810D-C27DC5A00E77}.Release|Any CPU.Build.0 = Release|Any CPU
		{7FEF85F1-A5F3-46B2-810D-C27DC5A00E77}.Release|x64.ActiveCfg = Release|Any CPU
		{7FEF85F1-A5F3-46B2-810D-C27DC5A00E77}.Release|x64.Build.0 = Release|Any CPU
		{7FEF85F1-A5F3-46B2-810D-C27DC5A00E77}.Release|x86.ActiveCfg = Release|Any CPU
		{7FEF85F1-A5F3-46B2-810D-C27DC5A00E77}.Release|x86.Build.0 = Release|Any CPU
		{C9418FD7-8B40-45F7-9FD4-3790D0A2A7A7}.Debug|Any CPU.ActiveCfg = Debug|Any CPU
		{C9418FD7-8B40-45F7-9FD4-3790D0A2A7A7}.Debug|Any CPU.Build.0 = Debug|Any CPU
		{C9418FD7-8B40-45F7-9FD4-3790D0A2A7A7}.Debug|x64.ActiveCfg = Debug|Any CPU
		{C9418FD7-8B40-45F7-9FD4-3790D0A2A7A7}.Debug|x64.Build.0 = Debug|Any CPU
		{C9418FD7-8B40-45F7-9FD4-3790D0A2A7A7}.Debug|x86.ActiveCfg = Debug|Any CPU
		{C9418FD7-8B40-45F7-9FD4-3790D0A2A7A7}.Debug|x86.Build.0 = Debug|Any CPU
		{C9418FD7-8B40-45F7-9FD4-3790D0A2A7A7}.Release|Any CPU.ActiveCfg = Release|Any CPU
		{C9418FD7-8B40-45F7-9FD4-3790D0A2A7A7}.Release|Any CPU.Build.0 = Release|Any CPU
		{C9418FD7-8B40-45F7-9FD4-3790D0A2A7A7}.Release|x64.ActiveCfg = Release|Any CPU
		{C9418FD7-8B40-45F7-9FD4-3790D0A2A7A7}.Release|x64.Build.0 = Release|Any CPU
		{C9418FD7-8B40-45F7-9FD4-3790D0A2A7A7}.Release|x86.ActiveCfg = Release|Any CPU
		{C9418FD7-8B40-45F7-9FD4-3790D0A2A7A7}.Release|x86.Build.0 = Release|Any CPU
	EndGlobalSection
	GlobalSection(SolutionProperties) = preSolution
		HideSolutionNode = FALSE
	EndGlobalSection
	GlobalSection(NestedProjects) = preSolution
		{5EED931A-84B0-4CE1-8554-F7B679167721} = {827E0CD3-B72D-47B6-A68D-7590B98EB39B}
		{598100A8-DA84-4594-B407-1B93548FD9B5} = {827E0CD3-B72D-47B6-A68D-7590B98EB39B}
		{8B24456E-A214-489C-B220-1E77F64021BE} = {827E0CD3-B72D-47B6-A68D-7590B98EB39B}
		{E8CD6015-47FD-4190-94F2-62C67FBB9734} = {827E0CD3-B72D-47B6-A68D-7590B98EB39B}
		{7FEF85F1-A5F3-46B2-810D-C27DC5A00E77} = {827E0CD3-B72D-47B6-A68D-7590B98EB39B}
		{C9418FD7-8B40-45F7-9FD4-3790D0A2A7A7} = {827E0CD3-B72D-47B6-A68D-7590B98EB39B}
	EndGlobalSection
EndGlobal
